{
  "name": "simplify-secops",
  "version": "0.1.2",
  "lockfileVersion": 1,
  "requires": true,
  "dependencies": {
    "asciichart": {
      "version": "1.5.21",
      "resolved": "https://registry.npmjs.org/asciichart/-/asciichart-1.5.21.tgz",
      "integrity": "sha512-/BBjjkaCxwEc5zJH9tSYmoJqJVCuwDJJKVZ/SQrSKdqhFbL4NpXPHoWbWqNpk+ydK0QK1+A2UhQxjXCEvLUwJQ=="
    },
    "mkdirp": {
      "version": "1.0.4",
      "resolved": "https://registry.npmjs.org/mkdirp/-/mkdirp-1.0.4.tgz",
      "integrity": "sha512-vVqVZQyf3WLx2Shd0qJ9xuvqgAyKPLAiqITEtqW0oIUjzo3PePDd6fW9iFz30ef7Ysp/oiWqbhszeGWW2T6Gzw=="
    }
  }
}
